
Microsoft Visual Studio Solution File, Format Version 12.00
# Visual Studio 15
VisualStudioVersion = 15.0.26228.12
MinimumVisualStudioVersion = 10.0.40219.1
Project("{8BC9CEB8-8B4A-11D0-8D11-00A0C91BC942}") = "libMinHook", "external\minhook\libMinHook.vcxproj", "{F142A341-5EE0-442D-A15F-98AE9B48DBAE}"
EndProject
Project("{8BC9CEB8-8B4A-11D0-8D11-00A0C91BC942}") = "wrapper", "wrapper\wrapper.vcxproj", "{5B8EF7A4-C369-4BF1-BF01-229B77EAEC84}"
	ProjectSection(ProjectDependencies) = postProject
		{F142A341-5EE0-442D-A15F-98AE9B48DBAE} = {F142A341-5EE0-442D-A15F-98AE9B48DBAE}
	EndProjectSection
EndProject
Project("{8BC9CEB8-8B4A-11D0-8D11-00A0C91BC942}") = "dxgi", "dxgi\dxgi.vcxproj", "{3013DDEF-B7FF-4DE9-8BDD-28AEF11B4ADE}"
	ProjectSection(ProjectDependencies) = postProject
		{5B8EF7A4-C369-4BF1-BF01-229B77EAEC84} = {5B8EF7A4-C369-4BF1-BF01-229B77EAEC84}
	EndProjectSection
EndProject
Project("{8BC9CEB8-8B4A-11D0-8D11-00A0C91BC942}") = "server", "plugins\server\server.vcxproj", "{4252A0F9-0B5D-4ECF-A7F1-F944889FE961}"
	ProjectSection(ProjectDependencies) = postProject
		{3013DDEF-B7FF-4DE9-8BDD-28AEF11B4ADE} = {3013DDEF-B7FF-4DE9-8BDD-28AEF11B4ADE}
	EndProjectSection
EndProject
Project("{8BC9CEB8-8B4A-11D0-8D11-00A0C91BC942}") = "capture", "plugins\capture\capture.vcxproj", "{38FA3D93-8D70-4733-85DE-CE78DE84EC55}"
	ProjectSection(ProjectDependencies) = postProject
		{3013DDEF-B7FF-4DE9-8BDD-28AEF11B4ADE} = {3013DDEF-B7FF-4DE9-8BDD-28AEF11B4ADE}
	EndProjectSection
EndProject
Project("{8BC9CEB8-8B4A-11D0-8D11-00A0C91BC942}") = "python", "plugins\python\python.vcxproj", "{C31E372A-63F0-4F5E-82C2-AB4CD78581E7}"
	ProjectSection(ProjectDependencies) = postProject
		{3013DDEF-B7FF-4DE9-8BDD-28AEF11B4ADE} = {3013DDEF-B7FF-4DE9-8BDD-28AEF11B4ADE}
	EndProjectSection
EndProject
Project("{2150E333-8FDC-42A3-9474-1A3956D46DE8}") = "plugins", "plugins", "{5368FB5E-DBE7-48F7-8F74-F24323A23987}"
EndProject
Project("{2150E333-8FDC-42A3-9474-1A3956D46DE8}") = "dependencies", "dependencies", "{FBABBA95-4238-4F45-8B7C-BC3914EB60A6}"
EndProject
Global
	GlobalSection(SolutionConfigurationPlatforms) = preSolution
		Debug|x64 = Debug|x64
		Debug|x86 = Debug|x86
		Release|x64 = Release|x64
		Release|x86 = Release|x86
	EndGlobalSection
	GlobalSection(ProjectConfigurationPlatforms) = postSolution
		{F142A341-5EE0-442D-A15F-98AE9B48DBAE}.Debug|x64.ActiveCfg = Debug|x64
		{F142A341-5EE0-442D-A15F-98AE9B48DBAE}.Debug|x64.Build.0 = Debug|x64
		{F142A341-5EE0-442D-A15F-98AE9B48DBAE}.Debug|x86.ActiveCfg = Debug|Win32
		{F142A341-5EE0-442D-A15F-98AE9B48DBAE}.Debug|x86.Build.0 = Debug|Win32
		{F142A341-5EE0-442D-A15F-98AE9B48DBAE}.Release|x64.ActiveCfg = Release|x64
		{F142A341-5EE0-442D-A15F-98AE9B48DBAE}.Release|x64.Build.0 = Release|x64
		{F142A341-5EE0-442D-A15F-98AE9B48DBAE}.Release|x86.ActiveCfg = Release|Win32
		{F142A341-5EE0-442D-A15F-98AE9B48DBAE}.Release|x86.Build.0 = Release|Win32
		{5B8EF7A4-C369-4BF1-BF01-229B77EAEC84}.Debug|x64.ActiveCfg = Debug|x64
		{5B8EF7A4-C369-4BF1-BF01-229B77EAEC84}.Debug|x64.Build.0 = Debug|x64
		{5B8EF7A4-C369-4BF1-BF01-229B77EAEC84}.Debug|x86.ActiveCfg = Debug|Win32
		{5B8EF7A4-C369-4BF1-BF01-229B77EAEC84}.Debug|x86.Build.0 = Debug|Win32
		{5B8EF7A4-C369-4BF1-BF01-229B77EAEC84}.Release|x64.ActiveCfg = Release|x64
		{5B8EF7A4-C369-4BF1-BF01-229B77EAEC84}.Release|x64.Build.0 = Release|x64
		{5B8EF7A4-C369-4BF1-BF01-229B77EAEC84}.Release|x86.ActiveCfg = Release|Win32
		{5B8EF7A4-C369-4BF1-BF01-229B77EAEC84}.Release|x86.Build.0 = Release|Win32
		{3013DDEF-B7FF-4DE9-8BDD-28AEF11B4ADE}.Debug|x64.ActiveCfg = Debug|x64
		{3013DDEF-B7FF-4DE9-8BDD-28AEF11B4ADE}.Debug|x64.Build.0 = Debug|x64
		{3013DDEF-B7FF-4DE9-8BDD-28AEF11B4ADE}.Debug|x86.ActiveCfg = Debug|Win32
		{3013DDEF-B7FF-4DE9-8BDD-28AEF11B4ADE}.Debug|x86.Build.0 = Debug|Win32
		{3013DDEF-B7FF-4DE9-8BDD-28AEF11B4ADE}.Release|x64.ActiveCfg = Release|x64
		{3013DDEF-B7FF-4DE9-8BDD-28AEF11B4ADE}.Release|x64.Build.0 = Release|x64
		{3013DDEF-B7FF-4DE9-8BDD-28AEF11B4ADE}.Release|x86.ActiveCfg = Release|Win32
		{3013DDEF-B7FF-4DE9-8BDD-28AEF11B4ADE}.Release|x86.Build.0 = Release|Win32
		{4252A0F9-0B5D-4ECF-A7F1-F944889FE961}.Debug|x64.ActiveCfg = Debug|x64
		{4252A0F9-0B5D-4ECF-A7F1-F944889FE961}.Debug|x64.Build.0 = Debug|x64
		{4252A0F9-0B5D-4ECF-A7F1-F944889FE961}.Debug|x86.ActiveCfg = Debug|Win32
		{4252A0F9-0B5D-4ECF-A7F1-F944889FE961}.Debug|x86.Build.0 = Debug|Win32
		{4252A0F9-0B5D-4ECF-A7F1-F944889FE961}.Release|x64.ActiveCfg = Release|x64
		{4252A0F9-0B5D-4ECF-A7F1-F944889FE961}.Release|x64.Build.0 = Release|x64
		{4252A0F9-0B5D-4ECF-A7F1-F944889FE961}.Release|x86.ActiveCfg = Release|Win32
		{4252A0F9-0B5D-4ECF-A7F1-F944889FE961}.Release|x86.Build.0 = Release|Win32
		{38FA3D93-8D70-4733-85DE-CE78DE84EC55}.Debug|x64.ActiveCfg = Debug|x64
		{38FA3D93-8D70-4733-85DE-CE78DE84EC55}.Debug|x64.Build.0 = Debug|x64
		{38FA3D93-8D70-4733-85DE-CE78DE84EC55}.Debug|x86.ActiveCfg = Debug|Win32
		{38FA3D93-8D70-4733-85DE-CE78DE84EC55}.Debug|x86.Build.0 = Debug|Win32
		{38FA3D93-8D70-4733-85DE-CE78DE84EC55}.Release|x64.ActiveCfg = Release|x64
		{38FA3D93-8D70-4733-85DE-CE78DE84EC55}.Release|x64.Build.0 = Release|x64
		{38FA3D93-8D70-4733-85DE-CE78DE84EC55}.Release|x86.ActiveCfg = Release|Win32
		{38FA3D93-8D70-4733-85DE-CE78DE84EC55}.Release|x86.Build.0 = Release|Win32
		{C31E372A-63F0-4F5E-82C2-AB4CD78581E7}.Debug|x64.ActiveCfg = Debug|x64
		{C31E372A-63F0-4F5E-82C2-AB4CD78581E7}.Debug|x64.Build.0 = Debug|x64
		{C31E372A-63F0-4F5E-82C2-AB4CD78581E7}.Debug|x86.ActiveCfg = Debug|Win32
		{C31E372A-63F0-4F5E-82C2-AB4CD78581E7}.Debug|x86.Build.0 = Debug|Win32
		{C31E372A-63F0-4F5E-82C2-AB4CD78581E7}.Release|x64.ActiveCfg = Release|x64
		{C31E372A-63F0-4F5E-82C2-AB4CD78581E7}.Release|x64.Build.0 = Release|x64
		{C31E372A-63F0-4F5E-82C2-AB4CD78581E7}.Release|x86.ActiveCfg = Release|Win32
		{C31E372A-63F0-4F5E-82C2-AB4CD78581E7}.Release|x86.Build.0 = Release|Win32
	EndGlobalSection
	GlobalSection(SolutionProperties) = preSolution
		HideSolutionNode = FALSE
	EndGlobalSection
	GlobalSection(NestedProjects) = preSolution
		{F142A341-5EE0-442D-A15F-98AE9B48DBAE} = {FBABBA95-4238-4F45-8B7C-BC3914EB60A6}
		{4252A0F9-0B5D-4ECF-A7F1-F944889FE961} = {5368FB5E-DBE7-48F7-8F74-F24323A23987}
		{38FA3D93-8D70-4733-85DE-CE78DE84EC55} = {5368FB5E-DBE7-48F7-8F74-F24323A23987}
		{C31E372A-63F0-4F5E-82C2-AB4CD78581E7} = {5368FB5E-DBE7-48F7-8F74-F24323A23987}
	EndGlobalSection
	GlobalSection(ExtensibilityGlobals) = postSolution
		SolutionGuid = {E46D0EB5-1E58-4C58-8B57-E0C56B529EE8}
	EndGlobalSection
	GlobalSection(Performance) = preSolution
		HasPerformanceSessions = true
	EndGlobalSection
	GlobalSection(Performance) = preSolution
		HasPerformanceSessions = true
	EndGlobalSection
EndGlobal
